
Microsoft Visual Studio Solution File, Format Version 12.00
# Visual Studio 14
VisualStudioVersion = 14.0.25420.1
MinimumVisualStudioVersion = 10.0.40219.1
Project("{8BC9CEB8-8B4A-11D0-8D11-00A0C91BC942}") = "FileOutput", "FileOutput\FileOutput.vcxproj", "{EFEE2918-D214-461E-AA94-E1F0CF699E41}"
EndProject
Project("{8BC9CEB8-8B4A-11D0-8D11-00A0C91BC942}") = "FileInput", "FileInput\FileInput.vcxproj", "{2A1B6AF7-CBD1-4A58-ABDD-616636E903E1}"
EndProject
Project("{8BC9CEB8-8B4A-11D0-8D11-00A0C91BC942}") = "Parsing", "Parsing\Parsing.vcxproj", "{7B3225DE-BE26-438F-8927-2D36B8F67DBC}"
EndProject
Project("{8BC9CEB8-8B4A-11D0-8D11-00A0C91BC942}") = "StructPadding", "StructPadding\StructPadding.vcxproj", "{D6EFA47D-CFC6-4674-A325-29F56FB3419F}"
EndProject
Global
	GlobalSection(SolutionConfigurationPlatforms) = preSolution
		Debug|x64 = Debug|x64
		Debug|x86 = Debug|x86
		Release|x64 = Release|x64
		Release|x86 = Release|x86
	EndGlobalSection
	GlobalSection(ProjectConfigurationPlatforms) = postSolution
		{EFEE2918-D214-461E-AA94-E1F0CF699E41}.Debug|x64.ActiveCfg = Debug|x64
		{EFEE2918-D214-461E-AA94-E1F0CF699E41}.Debug|x64.Build.0 = Debug|x64
		{EFEE2918-D214-461E-AA94-E1F0CF699E41}.Debug|x86.ActiveCfg = Debug|Win32
		{EFEE2918-D214-461E-AA94-E1F0CF699E41}.Debug|x86.Build.0 = Debug|Win32
		{EFEE2918-D214-461E-AA94-E1F0CF699E41}.Release|x64.ActiveCfg = Release|x64
		{EFEE2918-D214-461E-AA94-E1F0CF699E41}.Release|x64.Build.0 = Release|x64
		{EFEE2918-D214-461E-AA94-E1F0CF699E41}.Release|x86.ActiveCfg = Release|Win32
		{EFEE2918-D214-461E-AA94-E1F0CF699E41}.Release|x86.Build.0 = Release|Win32
		{2A1B6AF7-CBD1-4A58-ABDD-616636E903E1}.Debug|x64.ActiveCfg = Debug|x64
		{2A1B6AF7-CBD1-4A58-ABDD-616636E903E1}.Debug|x64.Build.0 = Debug|x64
		{2A1B6AF7-CBD1-4A58-ABDD-616636E903E1}.Debug|x86.ActiveCfg = Debug|Win32
		{2A1B6AF7-CBD1-4A58-ABDD-616636E903E1}.Debug|x86.Build.0 = Debug|Win32
		{2A1B6AF7-CBD1-4A58-ABDD-616636E903E1}.Release|x64.ActiveCfg = Release|x64
		{2A1B6AF7-CBD1-4A58-ABDD-616636E903E1}.Release|x64.Build.0 = Release|x64
		{2A1B6AF7-CBD1-4A58-ABDD-616636E903E1}.Release|x86.ActiveCfg = Release|Win32
		{2A1B6AF7-CBD1-4A58-ABDD-616636E903E1}.Release|x86.Build.0 = Release|Win32
		{7B3225DE-BE26-438F-8927-2D36B8F67DBC}.Debug|x64.ActiveCfg = Debug|x64
		{7B3225DE-BE26-438F-8927-2D36B8F67DBC}.Debug|x64.Build.0 = Debug|x64
		{7B3225DE-BE26-438F-8927-2D36B8F67DBC}.Debug|x86.ActiveCfg = Debug|Win32
		{7B3225DE-BE26-438F-8927-2D36B8F67DBC}.Debug|x86.Build.0 = Debug|Win32
		{7B3225DE-BE26-438F-8927-2D36B8F67DBC}.Release|x64.ActiveCfg = Release|x64
		{7B3225DE-BE26-438F-8927-2D36B8F67DBC}.Release|x64.Build.0 = Release|x64
		{7B3225DE-BE26-438F-8927-2D36B8F67DBC}.Release|x86.ActiveCfg = Release|Win32
		{7B3225DE-BE26-438F-8927-2D36B8F67DBC}.Release|x86.Build.0 = Release|Win32
		{D6EFA47D-CFC6-4674-A325-29F56FB3419F}.Debug|x64.ActiveCfg = Debug|x64
		{D6EFA47D-CFC6-4674-A325-29F56FB3419F}.Debug|x64.Build.0 = Debug|x64
		{D6EFA47D-CFC6-4674-A325-29F56FB3419F}.Debug|x86.ActiveCfg = Debug|Win32
		{D6EFA47D-CFC6-4674-A325-29F56FB3419F}.Debug|x86.Build.0 = Debug|Win32
		{D6EFA47D-CFC6-4674-A325-29F56FB3419F}.Release|x64.ActiveCfg = Release|x64
		{D6EFA47D-CFC6-4674-A325-29F56FB3419F}.Release|x64.Build.0 = Release|x64
		{D6EFA47D-CFC6-4674-A325-29F56FB3419F}.Release|x86.ActiveCfg = Release|Win32
		{D6EFA47D-CFC6-4674-A325-29F56FB3419F}.Release|x86.Build.0 = Release|Win32
	EndGlobalSection
	GlobalSection(SolutionProperties) = preSolution
		HideSolutionNode = FALSE
	EndGlobalSection
EndGlobal
